version = 1
revision = 3
requires-python = ">=3.12"

[[package]]
name = "css-inline"
version = "0.20.2"
source = { registry = "https://pypi.org/simple" }
sdist = { url = "https://files.pythonhosted.org/packages/cd/59/83ae1248fa993be44420ff52118f12f4149e52e0c5bc1250e1754f885128/css_inline-0.20.2.tar.gz", hash = "sha256:f495c24b96386dcc8fd6621507deeb81c5bc33ad4da26ec4fe625bda644eb937", size = 73121, upload-time = "2026-04-02T16:12:48.364Z" }
wheels = [
    { url = "https://files.pythonhosted.org/packages/18/76/315480e34160c31cd831eebcdcae69e14e2d7d75586599f9085e6d483f02/css_inline-0.20.2-cp39-abi3-macosx_10_12_x86_64.macosx_11_0_arm64.macosx_10_12_universal2.whl", hash = "sha256:7b876c111138e7c226ef3e0aa2691f34f5feda467cc8b07ad1168e786b607dfc", size = 3608417, upload-time = "2026-04-02T16:12:26.93Z" },
    { url = "https://files.pythonhosted.org/packages/5e/59/ad8ea0ab32121d72ff35e502921d755a188aac3f2bd957c0f7b13021da6b/css_inline-0.20.2-cp39-abi3-macosx_10_12_x86_64.whl", hash = "sha256:9b31375376f076c3ea26b24262767608ecab07b40a72764161b7f902310d5a9d", size = 1864326, upload-time = "2026-04-02T16:12:29.37Z" },
    { url = "https://files.pythonhosted.org/packages/0e/ab/69746c0245be305ed285b0f31579fb43a914a191fb380d1149293c283931/css_inline-0.20.2-cp39-abi3-manylinux_2_12_i686.manylinux2010_i686.whl", hash = "sha256:c45e416bd80db486d9c88df6e51ea3fc25ec3e22758b6f8aeba9ce21c508843a", size = 1876346, upload-time = "2026-04-02T16:12:31.002Z" },
    { url = "https://files.pythonhosted.org/packages/5b/1f/bc77087533096b76b53bc4fff49046848396b3248252630d3104fbd2c97d/css_inline-0.20.2-cp39-abi3-manylinux_2_17_x86_64.manylinux2014_x86_64.whl", hash = "sha256:38515194a5d378506d2d00a0a99d492722ee1582925fd3e693cc4cc336b63424", size = 1971878, upload-time = "2026-04-02T16:12:33.046Z" },
    { url = "https://files.pythonhosted.org/packages/b9/ed/abed2d142f5e7c962949f7d895d3678360a386981bab78080742aa1c4465/css_inline-0.20.2-cp39-abi3-manylinux_2_24_aarch64.whl", hash = "sha256:7782c6b5d7d8d5560cdd41a2793da7d4be7440a9754222b930dac0f5fbeda094", size = 1903436, upload-time = "2026-04-02T16:12:34.177Z" },
    { url = "https://files.pythonhosted.org/packages/d5/01/9b87a09c619c1414a8c28aab1961ae612a39da6716f639887e60d760420e/css_inline-0.20.2-cp39-abi3-manylinux_2_24_armv7l.whl", hash = "sha256:c1400881ac4755fb2c2e3c8fbec5a62a8a26c9fb174767ff63faf7eebc7486c5", size = 1773311, upload-time = "2026-04-02T16:12:35.292Z" },
    { url = "https://files.pythonhosted.org/packages/40/62/834c5ee3b8b10a5909bdddedff3731dbd70559bce24e8ac1fd9d629cf223/css_inline-0.20.2-cp39-abi3-musllinux_1_2_aarch64.whl", hash = "sha256:60f42c3740fd194dd1bfafab97ab8a61db0db9ed51841c4c7667084773a9f915", size = 2090892, upload-time = "2026-04-02T16:12:36.499Z" },
    { url = "https://files.pythonhosted.org/packages/76/2c/bb2a239f6be9cb413e59ae524710a31e4c074890dac645a3a6e786830434/css_inline-0.20.2-cp39-abi3-musllinux_1_2_armv7l.whl", hash = "sha256:0b8a73611b6ccfaa5b17fa3d3a3634bedd729942b6a5cd3c0bd3868886ca3730", size = 2002687, upload-time = "2026-04-02T16:12:38.685Z" },
    { url = "https://files.pythonhosted.org/packages/0c/51/18651de4f5e1b28dd138d3460ad73109c4d785ee32e7d4a39f4291d08663/css_inline-0.20.2-cp39-abi3-musllinux_1_2_x86_64.whl", hash = "sha256:fef2ca4692d1494153022694e938720f58b12d5105423534a1b72b5d61d8c9e2", size = 2209831, upload-time = "2026-04-02T16:12:39.911Z" },
    { url = "https://files.pythonhosted.org/packages/bf/78/fb81302b3ca1810cba8ed721e964649b50d0f0b88a08b94324af9ae9c5f0/css_inline-0.20.2-cp39-abi3-win32.whl", hash = "sha256:f2f36a346f7b166246645a895a4c45dac43f108baaf8be7f6249663a8d34a0c2", size = 1621637, upload-time = "2026-04-02T16:12:41.319Z" },
    { url = "https://files.pythonhosted.org/packages/95/67/6b8a8e2f6805928b9762342fb1fb4252b0960e7b739227811d7e45b044f0/css_inline-0.20.2-cp39-abi3-win_amd64.whl", hash = "sha256:8fc01121103925581b18b64f99e8ef42b4d77e646aff9fb51dcede2ac7a704c1", size = 1927700, upload-time = "2026-04-02T16:12:42.896Z" },
]

[[package]]
name = "markdown"
version = "3.10.2"
source = { registry = "https://pypi.org/simple" }
sdist = { url = "https://files.pythonhosted.org/packages/2b/f4/69fa6ed85ae003c2378ffa8f6d2e3234662abd02c10d216c0ba96081a238/markdown-3.10.2.tar.gz", hash = "sha256:994d51325d25ad8aa7ce4ebaec003febcce822c3f8c911e3b17c52f7f589f950", size = 368805, upload-time = "2026-02-09T14:57:26.942Z" }
wheels = [
    { url = "https://files.pythonhosted.org/packages/de/1f/77fa3081e4f66ca3576c896ae5d31c3002ac6607f9747d2e3aa49227e464/markdown-3.10.2-py3-none-any.whl", hash = "sha256:e91464b71ae3ee7afd3017d9f358ef0baf158fd9a298db92f1d4761133824c36", size = 108180, upload-time = "2026-02-09T14:57:25.787Z" },
]

[[package]]
name = "md2wechat"
version = "0.1.0"
source = { virtual = "." }
dependencies = [
    { name = "css-inline" },
    { name = "markdown" },
    { name = "pygments" },
]

[package.metadata]
requires-dist = [
    { name = "css-inline", specifier = ">=0.14" },
    { name = "markdown", specifier = ">=3.7" },
    { name = "pygments", specifier = ">=2.18" },
]

[[package]]
name = "pygments"
version = "2.20.0"
source = { registry = "https://pypi.org/simple" }
sdist = { url = "https://files.pythonhosted.org/packages/c3/b2/bc9c9196916376152d655522fdcebac55e66de6603a76a02bca1b6414f6c/pygments-2.20.0.tar.gz", hash = "sha256:6757cd03768053ff99f3039c1a36d6c0aa0b263438fcab17520b30a303a82b5f", size = 4955991, upload-time = "2026-03-29T13:29:33.898Z" }
wheels = [
    { url = "https://files.pythonhosted.org/packages/f4/7e/a72dd26f3b0f4f2bf1dd8923c85f7ceb43172af56d63c7383eb62b332364/pygments-2.20.0-py3-none-any.whl", hash = "sha256:81a9e26dd42fd28a23a2d169d86d7ac03b46e2f8b59ed4698fb4785f946d0176", size = 1231151, upload-time = "2026-03-29T13:29:30.038Z" },
]
